
Microsoft Visual Studio Solution File, Format Version 12.00
# Visual Studio Version 17
VisualStudioVersion = 17.9.34728.123
MinimumVisualStudioVersion = 10.0.40219.1
Project("{9A19103F-16F7-4668-BE54-9A1E7A4F7556}") = "ExpressProfiler", "ExpressProfiler\ExpressProfiler.csproj", "{74D3E3A1-9DBC-4880-841C-FA5583611A73}"
EndProject
Project("{9A19103F-16F7-4668-BE54-9A1E7A4F7556}") = "PoorMansTSqlFormatterLib", "PoorMansTSqlFormatterLib\PoorMansTSqlFormatterLib.csproj", "{ADBDFDCA-CAB6-4569-9151-0BD42E65B400}"
EndProject
Global
	GlobalSection(SolutionConfigurationPlatforms) = preSolution
		Debug|Any CPU = Debug|Any CPU
		Debug|Mixed Platforms = Debug|Mixed Platforms
		Debug|x86 = Debug|x86
		Release|Any CPU = Release|Any CPU
		Release|Mixed Platforms = Release|Mixed Platforms
		Release|x86 = Release|x86
	EndGlobalSection
	GlobalSection(ProjectConfigurationPlatforms) = postSolution
		{74D3E3A1-9DBC-4880-841C-FA5583611A73}.Debug|Any CPU.ActiveCfg = Debug|Any CPU
		{74D3E3A1-9DBC-4880-841C-FA5583611A73}.Debug|Any CPU.Build.0 = Debug|Any CPU
		{74D3E3A1-9DBC-4880-841C-FA5583611A73}.Debug|Mixed Platforms.ActiveCfg = Debug|Any CPU
		{74D3E3A1-9DBC-4880-841C-FA5583611A73}.Debug|Mixed Platforms.Build.0 = Debug|Any CPU
		{74D3E3A1-9DBC-4880-841C-FA5583611A73}.Debug|x86.ActiveCfg = Debug|Any CPU
		{74D3E3A1-9DBC-4880-841C-FA5583611A73}.Release|Any CPU.ActiveCfg = Release|Any CPU
		{74D3E3A1-9DBC-4880-841C-FA5583611A73}.Release|Any CPU.Build.0 = Release|Any CPU
		{74D3E3A1-9DBC-4880-841C-FA5583611A73}.Release|Mixed Platforms.ActiveCfg = Release|Any CPU
		{74D3E3A1-9DBC-4880-841C-FA5583611A73}.Release|Mixed Platforms.Build.0 = Release|Any CPU
		{74D3E3A1-9DBC-4880-841C-FA5583611A73}.Release|x86.ActiveCfg = Release|Any CPU
		{ADBDFDCA-CAB6-4569-9151-0BD42E65B400}.Debug|Any CPU.ActiveCfg = Debug|Any CPU
		{ADBDFDCA-CAB6-4569-9151-0BD42E65B400}.Debug|Any CPU.Build.0 = Debug|Any CPU
		{ADBDFDCA-CAB6-4569-9151-0BD42E65B400}.Debug|Mixed Platforms.ActiveCfg = Debug|Any CPU
		{ADBDFDCA-CAB6-4569-9151-0BD42E65B400}.Debug|Mixed Platforms.Build.0 = Debug|Any CPU
		{ADBDFDCA-CAB6-4569-9151-0BD42E65B400}.Debug|x86.ActiveCfg = Debug|Any CPU
		{ADBDFDCA-CAB6-4569-9151-0BD42E65B400}.Debug|x86.Build.0 = Debug|Any CPU
		{ADBDFDCA-CAB6-4569-9151-0BD42E65B400}.Release|Any CPU.ActiveCfg = Release|Any CPU
		{ADBDFDCA-CAB6-4569-9151-0BD42E65B400}.Release|Any CPU.Build.0 = Release|Any CPU
		{ADBDFDCA-CAB6-4569-9151-0BD42E65B400}.Release|Mixed Platforms.ActiveCfg = Release|Any CPU
		{ADBDFDCA-CAB6-4569-9151-0BD42E65B400}.Release|Mixed Platforms.Build.0 = Release|Any CPU
		{ADBDFDCA-CAB6-4569-9151-0BD42E65B400}.Release|x86.ActiveCfg = Release|Any CPU
		{ADBDFDCA-CAB6-4569-9151-0BD42E65B400}.Release|x86.Build.0 = Release|Any CPU
	EndGlobalSection
	GlobalSection(SolutionProperties) = preSolution
		HideSolutionNode = FALSE
	EndGlobalSection
	GlobalSection(ExtensibilityGlobals) = postSolution
		SolutionGuid = {F7639C5A-D50B-4343-89E0-D3F6A5590D3F}
	EndGlobalSection
EndGlobal
